
Microsoft Visual Studio Solution File, Format Version 12.00
# Visual Studio Version 17
VisualStudioVersion = 17.12.35521.163
MinimumVisualStudioVersion = 10.0.40219.1
Project("{FAE04EC0-301F-11D3-BF4B-00C04F79EFBC}") = "ContactsManager.UI", "ContactsManager.UI\ContactsManager.UI.csproj", "{72E30FFE-0A96-4567-A019-4ED922490428}"
EndProject
Project("{2150E333-8FDC-42A3-9474-1A3956D46DE8}") = "src", "src", "{CBA40BA3-9C26-4232-ABC0-7C5B237528CC}"
EndProject
Project("{2150E333-8FDC-42A3-9474-1A3956D46DE8}") = "tests", "tests", "{6FD241E7-E00E-4EBB-BC5C-7FBA3D3794C4}"
EndProject
Project("{FAE04EC0-301F-11D3-BF4B-00C04F79EFBC}") = "ContactsManager.Core", "ContactsManager.Core\ContactsManager.Core.csproj", "{80B797FA-E0BA-45DE-9ED1-B8A125F6AE4C}"
EndProject
Project("{FAE04EC0-301F-11D3-BF4B-00C04F79EFBC}") = "ContactsManager.Infrastructure", "ContactsManager.Infrastructure\ContactsManager.Infrastructure.csproj", "{497E40D0-1448-4B57-A13A-177253A8DDF9}"
EndProject
Project("{FAE04EC0-301F-11D3-BF4B-00C04F79EFBC}") = "ContactsManager.ServiceTests", "ContactsManager.ServiceTests\ContactsManager.ServiceTests.csproj", "{B30E5917-A2BF-4D84-88D9-1E3A11D32020}"
EndProject
Project("{FAE04EC0-301F-11D3-BF4B-00C04F79EFBC}") = "ContactsManager.ControllerTests", "ContactsManager.ControllerTests\ContactsManager.ControllerTests.csproj", "{7E0B8E59-BECE-497E-92B9-9AAC1270FB7C}"
EndProject
Project("{FAE04EC0-301F-11D3-BF4B-00C04F79EFBC}") = "ContactsManager.IntegrationTests", "ContactsManager.IntegrationTests\ContactsManager.IntegrationTests.csproj", "{41208EA1-AADE-4BA1-954E-28AE86101D0A}"
EndProject
Global
	GlobalSection(SolutionConfigurationPlatforms) = preSolution
		Debug|Any CPU = Debug|Any CPU
		Release|Any CPU = Release|Any CPU
	EndGlobalSection
	GlobalSection(ProjectConfigurationPlatforms) = postSolution
		{72E30FFE-0A96-4567-A019-4ED922490428}.Debug|Any CPU.ActiveCfg = Debug|Any CPU
		{72E30FFE-0A96-4567-A019-4ED922490428}.Debug|Any CPU.Build.0 = Debug|Any CPU
		{72E30FFE-0A96-4567-A019-4ED922490428}.Release|Any CPU.ActiveCfg = Release|Any CPU
		{72E30FFE-0A96-4567-A019-4ED922490428}.Release|Any CPU.Build.0 = Release|Any CPU
		{80B797FA-E0BA-45DE-9ED1-B8A125F6AE4C}.Debug|Any CPU.ActiveCfg = Debug|Any CPU
		{80B797FA-E0BA-45DE-9ED1-B8A125F6AE4C}.Debug|Any CPU.Build.0 = Debug|Any CPU
		{80B797FA-E0BA-45DE-9ED1-B8A125F6AE4C}.Release|Any CPU.ActiveCfg = Release|Any CPU
		{80B797FA-E0BA-45DE-9ED1-B8A125F6AE4C}.Release|Any CPU.Build.0 = Release|Any CPU
		{497E40D0-1448-4B57-A13A-177253A8DDF9}.Debug|Any CPU.ActiveCfg = Debug|Any CPU
		{497E40D0-1448-4B57-A13A-177253A8DDF9}.Debug|Any CPU.Build.0 = Debug|Any CPU
		{497E40D0-1448-4B57-A13A-177253A8DDF9}.Release|Any CPU.ActiveCfg = Release|Any CPU
		{497E40D0-1448-4B57-A13A-177253A8DDF9}.Release|Any CPU.Build.0 = Release|Any CPU
		{B30E5917-A2BF-4D84-88D9-1E3A11D32020}.Debug|Any CPU.ActiveCfg = Debug|Any CPU
		{B30E5917-A2BF-4D84-88D9-1E3A11D32020}.Debug|Any CPU.Build.0 = Debug|Any CPU
		{B30E5917-A2BF-4D84-88D9-1E3A11D32020}.Release|Any CPU.ActiveCfg = Release|Any CPU
		{B30E5917-A2BF-4D84-88D9-1E3A11D32020}.Release|Any CPU.Build.0 = Release|Any CPU
		{7E0B8E59-BECE-497E-92B9-9AAC1270FB7C}.Debug|Any CPU.ActiveCfg = Debug|Any CPU
		{7E0B8E59-BECE-497E-92B9-9AAC1270FB7C}.Debug|Any CPU.Build.0 = Debug|Any CPU
		{7E0B8E59-BECE-497E-92B9-9AAC1270FB7C}.Release|Any CPU.ActiveCfg = Release|Any CPU
		{7E0B8E59-BECE-497E-92B9-9AAC1270FB7C}.Release|Any CPU.Build.0 = Release|Any CPU
		{41208EA1-AADE-4BA1-954E-28AE86101D0A}.Debug|Any CPU.ActiveCfg = Debug|Any CPU
		{41208EA1-AADE-4BA1-954E-28AE86101D0A}.Debug|Any CPU.Build.0 = Debug|Any CPU
		{41208EA1-AADE-4BA1-954E-28AE86101D0A}.Release|Any CPU.ActiveCfg = Release|Any CPU
		{41208EA1-AADE-4BA1-954E-28AE86101D0A}.Release|Any CPU.Build.0 = Release|Any CPU
	EndGlobalSection
	GlobalSection(SolutionProperties) = preSolution
		HideSolutionNode = FALSE
	EndGlobalSection
	GlobalSection(NestedProjects) = preSolution
		{72E30FFE-0A96-4567-A019-4ED922490428} = {CBA40BA3-9C26-4232-ABC0-7C5B237528CC}
		{80B797FA-E0BA-45DE-9ED1-B8A125F6AE4C} = {CBA40BA3-9C26-4232-ABC0-7C5B237528CC}
		{497E40D0-1448-4B57-A13A-177253A8DDF9} = {CBA40BA3-9C26-4232-ABC0-7C5B237528CC}
		{B30E5917-A2BF-4D84-88D9-1E3A11D32020} = {6FD241E7-E00E-4EBB-BC5C-7FBA3D3794C4}
		{7E0B8E59-BECE-497E-92B9-9AAC1270FB7C} = {6FD241E7-E00E-4EBB-BC5C-7FBA3D3794C4}
		{41208EA1-AADE-4BA1-954E-28AE86101D0A} = {6FD241E7-E00E-4EBB-BC5C-7FBA3D3794C4}
	EndGlobalSection
EndGlobal
